
Microsoft Visual Studio Solution File, Format Version 12.00
# Visual Studio Version 17
VisualStudioVersion = 17.9.34607.119
MinimumVisualStudioVersion = 10.0.40219.1
Project("{FAE04EC0-301F-11D3-BF4B-00C04F79EFBC}") = "SimpleClock", "SimpleClock\SimpleClock.csproj", "{262E398E-DEDC-4859-A2FA-F3A63D935771}"
EndProject
Global
	GlobalSection(SolutionConfigurationPlatforms) = preSolution
		Debug|Any CPU = Debug|Any CPU
		Release|Any CPU = Release|Any CPU
	EndGlobalSection
	GlobalSection(ProjectConfigurationPlatforms) = postSolution
		{262E398E-DEDC-4859-A2FA-F3A63D935771}.Debug|Any CPU.ActiveCfg = Debug|Any CPU
		{262E398E-DEDC-4859-A2FA-F3A63D935771}.Debug|Any CPU.Build.0 = Debug|Any CPU
		{262E398E-DEDC-4859-A2FA-F3A63D935771}.Release|Any CPU.ActiveCfg = Release|Any CPU
		{262E398E-DEDC-4859-A2FA-F3A63D935771}.Release|Any CPU.Build.0 = Release|Any CPU
	EndGlobalSection
	GlobalSection(SolutionProperties) = preSolution
		HideSolutionNode = FALSE
	EndGlobalSection
	GlobalSection(ExtensibilityGlobals) = postSolution
		SolutionGuid = {A5DE2247-D7ED-4123-9379-CC334177543D}
	EndGlobalSection
EndGlobal
